<?xml version="1.0" encoding="utf-8"?>
<Project ToolsVersion="4.0" xmlns="http://schemas.microsoft.com/developer/msbuild/2003">
  <ItemGroup>
    <Filter Include="Source Files">
      <UniqueIdentifier>{4FC737F1-C7A5-4376-A066-2A32D752A2FF}</UniqueIdentifier>
      <Extensions>cpp;c;cc;cxx;def;odl;idl;hpj;bat;asm;asmx</Extensions>
    </Filter>
    <Filter Include="Header Files">
      <UniqueIdentifier>{93995380-89BD-4b04-88EB-625FBE52EBFB}</UniqueIdentifier>
      <Extensions>h;hpp;hxx;hm;inl;inc;xsd</Extensions>
    </Filter>
    <Filter Include="Resource Files">
      <UniqueIdentifier>{67DA6AB6-F800-4c08-8B7A-83BB121AAD01}</UniqueIdentifier>
      <Extensions>rc;ico;cur;bmp;dlg;rc2;rct;bin;rgs;gif;jpg;jpeg;jpe;resx;tiff;tif;png;wav;mfcribbon-ms</Extensions>
    </Filter>
    <Filter Include="Jelly">
      <UniqueIdentifier>{38ce902b-94f0-446f-8130-2970cb57d316}</UniqueIdentifier>
    </Filter>
  </ItemGroup>
  <ItemGroup>
    <Text Include="ReadMe.txt" />
  </ItemGroup>
  <ItemGroup>
    <ClCompile Include="main.cpp">
      <Filter>Source Files</Filter>
    </ClCompile>
    <ClCompile Include="teDataChainTest.cpp">
      <Filter>Source Files</Filter>
    </ClCompile>
    <ClCompile Include="JellyConnectionTest.cpp">
      <Filter>Source Files</Filter>
    </ClCompile>
    <ClCompile Include="..\jelly\JellyConnection.cpp">
      <Filter>Jelly</Filter>
    </ClCompile>
    <ClCompile Include="..\jelly\JellyRouteConfig.cpp">
      <Filter>Jelly</Filter>
    </ClCompile>
    <ClCompile Include="..\jelly\JellyServer.cpp">
      <Filter>Jelly</Filter>
    </ClCompile>
    <ClCompile Include="..\jelly\Net.cpp">
      <Filter>Jelly</Filter>
    </ClCompile>
  </ItemGroup>
  <ItemGroup>
    <ClInclude Include="test.h">
      <Filter>Source Files</Filter>
    </ClInclude>
    <ClInclude Include="..\jelly\JellyConnection.h">
      <Filter>Jelly</Filter>
    </ClInclude>
    <ClInclude Include="..\jelly\JellyMessage.h">
      <Filter>Jelly</Filter>
    </ClInclude>
    <ClInclude Include="..\jelly\JellyMessageQueue.h">
      <Filter>Jelly</Filter>
    </ClInclude>
    <ClInclude Include="..\jelly\JellyRouteConfig.h">
      <Filter>Jelly</Filter>
    </ClInclude>
    <ClInclude Include="..\jelly\JellyServer.h">
      <Filter>Jelly</Filter>
    </ClInclude>
    <ClInclude Include="..\jelly\JellyTypes.h">
      <Filter>Jelly</Filter>
    </ClInclude>
    <ClInclude Include="..\jelly\Net.h">
      <Filter>Jelly</Filter>
    </ClInclude>
  </ItemGroup>
</Project>